
Microsoft Visual Studio Solution File, Format Version 12.00
# Visual Studio Version 17
VisualStudioVersion = 17.0.31903.59
MinimumVisualStudioVersion = 10.0.40219.1
Project("{9A19103F-16F7-4668-BE54-9A1E7A4F7556}") = "API", "src\API\API\API.csproj", "{4C819EA6-F321-4D8B-AD54-89988A3FEA3C}"
EndProject
Project("{9A19103F-16F7-4668-BE54-9A1E7A4F7556}") = "Console", "src\Console\Console\Console.csproj", "{D4225D2D-489E-4960-9AE7-44102064FE20}"
EndProject
Project("{9A19103F-16F7-4668-BE54-9A1E7A4F7556}") = "WebApp", "src\WebApp\WebApp.csproj", "{561DA8FC-7C55-4ACA-BFFD-9FC422F5D5BD}"
EndProject
Global
	GlobalSection(SolutionConfigurationPlatforms) = preSolution
		Debug|Any CPU = Debug|Any CPU
		Release|Any CPU = Release|Any CPU
	EndGlobalSection
	GlobalSection(ProjectConfigurationPlatforms) = postSolution
		{4C819EA6-F321-4D8B-AD54-89988A3FEA3C}.Debug|Any CPU.ActiveCfg = Debug|Any CPU
		{4C819EA6-F321-4D8B-AD54-89988A3FEA3C}.Debug|Any CPU.Build.0 = Debug|Any CPU
		{4C819EA6-F321-4D8B-AD54-89988A3FEA3C}.Release|Any CPU.ActiveCfg = Release|Any CPU
		{4C819EA6-F321-4D8B-AD54-89988A3FEA3C}.Release|Any CPU.Build.0 = Release|Any CPU
		{D4225D2D-489E-4960-9AE7-44102064FE20}.Debug|Any CPU.ActiveCfg = Debug|Any CPU
		{D4225D2D-489E-4960-9AE7-44102064FE20}.Debug|Any CPU.Build.0 = Debug|Any CPU
		{D4225D2D-489E-4960-9AE7-44102064FE20}.Release|Any CPU.ActiveCfg = Release|Any CPU
		{D4225D2D-489E-4960-9AE7-44102064FE20}.Release|Any CPU.Build.0 = Release|Any CPU
		{561DA8FC-7C55-4ACA-BFFD-9FC422F5D5BD}.Debug|Any CPU.ActiveCfg = Debug|Any CPU
		{561DA8FC-7C55-4ACA-BFFD-9FC422F5D5BD}.Debug|Any CPU.Build.0 = Debug|Any CPU
		{561DA8FC-7C55-4ACA-BFFD-9FC422F5D5BD}.Release|Any CPU.ActiveCfg = Release|Any CPU
		{561DA8FC-7C55-4ACA-BFFD-9FC422F5D5BD}.Release|Any CPU.Build.0 = Release|Any CPU
	EndGlobalSection
	GlobalSection(SolutionProperties) = preSolution
		HideSolutionNode = FALSE
	EndGlobalSection
	GlobalSection(ExtensibilityGlobals) = postSolution
		SolutionGuid = {DB885F26-6276-485D-9786-9EAD1FEB3DAB}
	EndGlobalSection
EndGlobal
